
Microsoft Visual Studio Solution File, Format Version 12.00
# Visual Studio Version 17
VisualStudioVersion = 17.3.32819.101
MinimumVisualStudioVersion = 10.0.40219.1
Project("{FAE04EC0-301F-11D3-BF4B-00C04F79EFBC}") = "Arrays2D", "Arrays2D\Arrays2D.csproj", "{95EF7646-EB81-4038-8A41-AF1CCB784A63}"
EndProject
Global
	GlobalSection(SolutionConfigurationPlatforms) = preSolution
		Debug|Any CPU = Debug|Any CPU
		Release|Any CPU = Release|Any CPU
	EndGlobalSection
	GlobalSection(ProjectConfigurationPlatforms) = postSolution
		{95EF7646-EB81-4038-8A41-AF1CCB784A63}.Debug|Any CPU.ActiveCfg = Debug|Any CPU
		{95EF7646-EB81-4038-8A41-AF1CCB784A63}.Debug|Any CPU.Build.0 = Debug|Any CPU
		{95EF7646-EB81-4038-8A41-AF1CCB784A63}.Release|Any CPU.ActiveCfg = Release|Any CPU
		{95EF7646-EB81-4038-8A41-AF1CCB784A63}.Release|Any CPU.Build.0 = Release|Any CPU
	EndGlobalSection
	GlobalSection(SolutionProperties) = preSolution
		HideSolutionNode = FALSE
	EndGlobalSection
	GlobalSection(ExtensibilityGlobals) = postSolution
		SolutionGuid = {45AEFF22-4DE4-40AA-ACCE-DC1C66B4978D}
	EndGlobalSection
EndGlobal
